
Microsoft Visual Studio Solution File, Format Version 12.00
Project("{FAE04EC0-301F-11D3-BF4B-00C04F79EFBC}") = "GuessNumber", "GuessNumber\GuessNumber.csproj", "{C78555E0-C77E-46D9-B76C-3FE6B02857EA}"
EndProject
Project("{FAE04EC0-301F-11D3-BF4B-00C04F79EFBC}") = "Reflection", "Reflection\Reflection.csproj", "{1A435128-FA70-4A71-AB6C-8504AD6E96F8}"
EndProject
Global
	GlobalSection(SolutionConfigurationPlatforms) = preSolution
		Debug|Any CPU = Debug|Any CPU
		Release|Any CPU = Release|Any CPU
	EndGlobalSection
	GlobalSection(ProjectConfigurationPlatforms) = postSolution
		{C78555E0-C77E-46D9-B76C-3FE6B02857EA}.Debug|Any CPU.ActiveCfg = Debug|Any CPU
		{C78555E0-C77E-46D9-B76C-3FE6B02857EA}.Debug|Any CPU.Build.0 = Debug|Any CPU
		{C78555E0-C77E-46D9-B76C-3FE6B02857EA}.Release|Any CPU.ActiveCfg = Release|Any CPU
		{C78555E0-C77E-46D9-B76C-3FE6B02857EA}.Release|Any CPU.Build.0 = Release|Any CPU
		{1A435128-FA70-4A71-AB6C-8504AD6E96F8}.Debug|Any CPU.ActiveCfg = Debug|Any CPU
		{1A435128-FA70-4A71-AB6C-8504AD6E96F8}.Debug|Any CPU.Build.0 = Debug|Any CPU
		{1A435128-FA70-4A71-AB6C-8504AD6E96F8}.Release|Any CPU.ActiveCfg = Release|Any CPU
		{1A435128-FA70-4A71-AB6C-8504AD6E96F8}.Release|Any CPU.Build.0 = Release|Any CPU
	EndGlobalSection
EndGlobal
